github.com/gonum/floats v0.0.0-20180125090339-7de1f4ea7ab5 h1:YEwYZI2QOW/49JC7hb5X5irk1J4BJc6Q37OnahdSuek=
github.com/gonum/floats v0.0.0-20180125090339-7de1f4ea7ab5/go.mod h1:PxC8OnwL11+aosOB5+iEPoV3picfs8tUpkVd0pDo+Kg=
github.com/gonum/internal v0.0.0-20181124074243-f884aa714029 h1:8jtTdc+Nfj9AR+0soOeia9UZSvYBvETVHZrugUowJ7M=
github.com/gonum/internal v0.0.0-20181124074243-f884aa714029/go.mod h1:Pu4dmpkhSyOzRwuXkOgAvijx4o+4YMUJJo9OvPYMkks=
